
Microsoft Visual Studio Solution File, Format Version 12.00
# Visual Studio Version 16
VisualStudioVersion = 16.0.29409.12
MinimumVisualStudioVersion = 10.0.40219.1
Project("{FAE04EC0-301F-11D3-BF4B-00C04F79EFBC}") = "WebDemo", "WebDemo.csproj", "{51D59974-A7CA-4D69-B1F5-71B632F5FDAD}"
EndProject
Project("{FAE04EC0-301F-11D3-BF4B-00C04F79EFBC}") = "WebModels", "..\WebModels\WebModels.csproj", "{5CFA964C-88E8-45BA-AA14-AD7E2D07367E}"
EndProject
Project("{FAE04EC0-301F-11D3-BF4B-00C04F79EFBC}") = "WebService", "..\WebService\WebService.csproj", "{88D23EB7-9124-4998-AAB8-0D0BFFDE8AED}"
EndProject
Project("{FAE04EC0-301F-11D3-BF4B-00C04F79EFBC}") = "WebDataAccess", "..\WebDataAccess\WebDataAccess.csproj", "{5253ABFD-6EEE-4868-A8FF-8EC61F536B6A}"
EndProject
Global
	GlobalSection(SolutionConfigurationPlatforms) = preSolution
		Debug|Any CPU = Debug|Any CPU
		Release|Any CPU = Release|Any CPU
	EndGlobalSection
	GlobalSection(ProjectConfigurationPlatforms) = postSolution
		{51D59974-A7CA-4D69-B1F5-71B632F5FDAD}.Debug|Any CPU.ActiveCfg = Debug|Any CPU
		{51D59974-A7CA-4D69-B1F5-71B632F5FDAD}.Debug|Any CPU.Build.0 = Debug|Any CPU
		{51D59974-A7CA-4D69-B1F5-71B632F5FDAD}.Release|Any CPU.ActiveCfg = Release|Any CPU
		{51D59974-A7CA-4D69-B1F5-71B632F5FDAD}.Release|Any CPU.Build.0 = Release|Any CPU
		{5CFA964C-88E8-45BA-AA14-AD7E2D07367E}.Debug|Any CPU.ActiveCfg = Debug|Any CPU
		{5CFA964C-88E8-45BA-AA14-AD7E2D07367E}.Debug|Any CPU.Build.0 = Debug|Any CPU
		{5CFA964C-88E8-45BA-AA14-AD7E2D07367E}.Release|Any CPU.ActiveCfg = Release|Any CPU
		{5CFA964C-88E8-45BA-AA14-AD7E2D07367E}.Release|Any CPU.Build.0 = Release|Any CPU
		{88D23EB7-9124-4998-AAB8-0D0BFFDE8AED}.Debug|Any CPU.ActiveCfg = Debug|Any CPU
		{88D23EB7-9124-4998-AAB8-0D0BFFDE8AED}.Debug|Any CPU.Build.0 = Debug|Any CPU
		{88D23EB7-9124-4998-AAB8-0D0BFFDE8AED}.Release|Any CPU.ActiveCfg = Release|Any CPU
		{88D23EB7-9124-4998-AAB8-0D0BFFDE8AED}.Release|Any CPU.Build.0 = Release|Any CPU
		{5253ABFD-6EEE-4868-A8FF-8EC61F536B6A}.Debug|Any CPU.ActiveCfg = Debug|Any CPU
		{5253ABFD-6EEE-4868-A8FF-8EC61F536B6A}.Debug|Any CPU.Build.0 = Debug|Any CPU
		{5253ABFD-6EEE-4868-A8FF-8EC61F536B6A}.Release|Any CPU.ActiveCfg = Release|Any CPU
		{5253ABFD-6EEE-4868-A8FF-8EC61F536B6A}.Release|Any CPU.Build.0 = Release|Any CPU
	EndGlobalSection
	GlobalSection(SolutionProperties) = preSolution
		HideSolutionNode = FALSE
	EndGlobalSection
	GlobalSection(ExtensibilityGlobals) = postSolution
		SolutionGuid = {7D708773-D9D0-4491-8485-A07A451389E3}
	EndGlobalSection
EndGlobal
